
Microsoft Visual Studio Solution File, Format Version 12.00
# Visual Studio Version 16
VisualStudioVersion = 16.0.31025.194
MinimumVisualStudioVersion = 10.0.40219.1
Project("{FAE04EC0-301F-11D3-BF4B-00C04F79EFBC}") = "SENAI Requerimento Padrao", "SENAI Requerimento Padrao\SENAI Requerimento Padrao.csproj", "{A91078D2-CBBB-4F62-A480-C6169897D959}"
EndProject
Global
	GlobalSection(SolutionConfigurationPlatforms) = preSolution
		Debug|Any CPU = Debug|Any CPU
		Release|Any CPU = Release|Any CPU
	EndGlobalSection
	GlobalSection(ProjectConfigurationPlatforms) = postSolution
		{A91078D2-CBBB-4F62-A480-C6169897D959}.Debug|Any CPU.ActiveCfg = Debug|Any CPU
		{A91078D2-CBBB-4F62-A480-C6169897D959}.Debug|Any CPU.Build.0 = Debug|Any CPU
		{A91078D2-CBBB-4F62-A480-C6169897D959}.Release|Any CPU.ActiveCfg = Release|Any CPU
		{A91078D2-CBBB-4F62-A480-C6169897D959}.Release|Any CPU.Build.0 = Release|Any CPU
	EndGlobalSection
	GlobalSection(SolutionProperties) = preSolution
		HideSolutionNode = FALSE
	EndGlobalSection
	GlobalSection(ExtensibilityGlobals) = postSolution
		SolutionGuid = {1A85C873-12E0-429F-BF14-B1965B4EB008}
	EndGlobalSection
EndGlobal
